
Microsoft Visual Studio Solution File, Format Version 12.00
# Visual Studio Version 17
VisualStudioVersion = 17.14.36408.4 d17.14
MinimumVisualStudioVersion = 10.0.40219.1
Project("{FAE04EC0-301F-11D3-BF4B-00C04F79EFBC}") = "StudentEnrollment.Client", "StudentEnrollment.Client\StudentEnrollment.Client.csproj", "{5F923EE4-2442-42C2-B28E-BC9912D4F306}"
EndProject
Project("{FAE04EC0-301F-11D3-BF4B-00C04F79EFBC}") = "StudentEnrollment.Server", "StudentEnrollment.Server\StudentEnrollment.Server.csproj", "{04B65C42-4FA6-40AD-A2B9-3123C84D7D39}"
EndProject
Project("{FAE04EC0-301F-11D3-BF4B-00C04F79EFBC}") = "StudentEnrollment.Shared", "StudentEnrollment.Shared\StudentEnrollment.Shared.csproj", "{0C2E0CE3-4F7C-4617-825E-CFE9986DA8E3}"
EndProject
Global
	GlobalSection(SolutionConfigurationPlatforms) = preSolution
		Debug|Any CPU = Debug|Any CPU
		Release|Any CPU = Release|Any CPU
	EndGlobalSection
	GlobalSection(ProjectConfigurationPlatforms) = postSolution
		{5F923EE4-2442-42C2-B28E-BC9912D4F306}.Debug|Any CPU.ActiveCfg = Debug|Any CPU
		{5F923EE4-2442-42C2-B28E-BC9912D4F306}.Debug|Any CPU.Build.0 = Debug|Any CPU
		{5F923EE4-2442-42C2-B28E-BC9912D4F306}.Release|Any CPU.ActiveCfg = Release|Any CPU
		{5F923EE4-2442-42C2-B28E-BC9912D4F306}.Release|Any CPU.Build.0 = Release|Any CPU
		{04B65C42-4FA6-40AD-A2B9-3123C84D7D39}.Debug|Any CPU.ActiveCfg = Debug|Any CPU
		{04B65C42-4FA6-40AD-A2B9-3123C84D7D39}.Debug|Any CPU.Build.0 = Debug|Any CPU
		{04B65C42-4FA6-40AD-A2B9-3123C84D7D39}.Release|Any CPU.ActiveCfg = Release|Any CPU
		{04B65C42-4FA6-40AD-A2B9-3123C84D7D39}.Release|Any CPU.Build.0 = Release|Any CPU
		{0C2E0CE3-4F7C-4617-825E-CFE9986DA8E3}.Debug|Any CPU.ActiveCfg = Debug|Any CPU
		{0C2E0CE3-4F7C-4617-825E-CFE9986DA8E3}.Debug|Any CPU.Build.0 = Debug|Any CPU
		{0C2E0CE3-4F7C-4617-825E-CFE9986DA8E3}.Release|Any CPU.ActiveCfg = Release|Any CPU
		{0C2E0CE3-4F7C-4617-825E-CFE9986DA8E3}.Release|Any CPU.Build.0 = Release|Any CPU
	EndGlobalSection
	GlobalSection(SolutionProperties) = preSolution
		HideSolutionNode = FALSE
	EndGlobalSection
	GlobalSection(ExtensibilityGlobals) = postSolution
		SolutionGuid = {C602EFFA-9C65-4A73-A9E0-6FF660413D11}
	EndGlobalSection
EndGlobal
